
Microsoft Visual Studio Solution File, Format Version 12.00
# Visual Studio Version 17
VisualStudioVersion = 17.4.33403.182
MinimumVisualStudioVersion = 10.0.40219.1
Project("{888888A0-9F3D-457C-B088-3A5042F75D52}") = "Homework_2", "Homework_2\Homework_2.pyproj", "{817F8B02-1E26-4C8F-A10D-51D190E53B22}"
EndProject
Global
	GlobalSection(SolutionConfigurationPlatforms) = preSolution
		Debug|Any CPU = Debug|Any CPU
		Release|Any CPU = Release|Any CPU
	EndGlobalSection
	GlobalSection(ProjectConfigurationPlatforms) = postSolution
		{817F8B02-1E26-4C8F-A10D-51D190E53B22}.Debug|Any CPU.ActiveCfg = Debug|Any CPU
		{817F8B02-1E26-4C8F-A10D-51D190E53B22}.Release|Any CPU.ActiveCfg = Release|Any CPU
	EndGlobalSection
	GlobalSection(SolutionProperties) = preSolution
		HideSolutionNode = FALSE
	EndGlobalSection
	GlobalSection(ExtensibilityGlobals) = postSolution
		SolutionGuid = {859F679E-3C47-4878-A73E-64ED4BCC602C}
	EndGlobalSection
EndGlobal
